<?xml version="1.0" encoding="utf-8"?>
<Project ToolsVersion="4.0" xmlns="http://schemas.microsoft.com/developer/msbuild/2003">
  <ItemGroup>
    <Filter Include="src">
      <UniqueIdentifier>{4FC737F1-C7A5-4376-A066-2A32D752A2FF}</UniqueIdentifier>
      <Extensions>cpp;c;cc;cxx;c++;cppm;ixx;def;odl;idl;hpj;bat;asm;asmx</Extensions>
    </Filter>
    <Filter Include="src\scene">
      <UniqueIdentifier>{40b03787-5709-49dd-b690-a3d09edcbc0f}</UniqueIdentifier>
    </Filter>
    <Filter Include="src\debugger">
      <UniqueIdentifier>{4f0fd9e6-ac91-4197-8a6f-de96af248ab0}</UniqueIdentifier>
    </Filter>
    <Filter Include="src\renderer">
      <UniqueIdentifier>{facbd1f8-3f4d-4a65-8a32-7555b4837143}</UniqueIdentifier>
    </Filter>
    <Filter Include="src\utils">
      <UniqueIdentifier>{a8f32480-5002-4167-9dce-839d387f2b8e}</UniqueIdentifier>
    </Filter>
  </ItemGroup>
  <ItemGroup>
    <ClCompile Include="src\main.cpp">
      <Filter>src</Filter>
    </ClCompile>
  </ItemGroup>
  <ItemGroup>
    <ClInclude Include="src\debugger\Debugger.h">
      <Filter>src\debugger</Filter>
    </ClInclude>
    <ClInclude Include="src\renderer\Renderer.h">
      <Filter>src\renderer</Filter>
    </ClInclude>
    <ClInclude Include="src\scene\Camera.h">
      <Filter>src\scene</Filter>
    </ClInclude>
    <ClInclude Include="src\utils\units.h">
      <Filter>src\utils</Filter>
    </ClInclude>
    <ClInclude Include="src\renderer\Window.h">
      <Filter>src\renderer</Filter>
    </ClInclude>
    <ClInclude Include="src\renderer\Program.h">
      <Filter>src\renderer</Filter>
    </ClInclude>
    <ClInclude Include="src\renderer\Texture.h">
      <Filter>src\renderer</Filter>
    </ClInclude>
    <ClInclude Include="src\renderer\FrameBuffer.h">
      <Filter>src\renderer</Filter>
    </ClInclude>
    <ClInclude Include="src\scene\Sprite.h">
      <Filter>src\scene</Filter>
    </ClInclude>
    <ClInclude Include="src\scene\SheetSprite.h">
      <Filter>src\scene</Filter>
    </ClInclude>
  </ItemGroup>
</Project>